// !$*UTF8*$!
{
	archiveVersion = 1;
	classes = {
	};
	objectVersion = 56;
	objects = {

/* Begin PBXBuildFile section */
		42B4BCCB290D6BE600457D46 /* PianoRollEditorDemoApp.swift in Sources */ = {isa = PBXBuildFile; fileRef = 42B4BCCA290D6BE600457D46 /* PianoRollEditorDemoApp.swift */; };
		42B4BCCD290D6BE600457D46 /* DemoView.swift in Sources */ = {isa = PBXBuildFile; fileRef = 42B4BCCC290D6BE600457D46 /* DemoView.swift */; };
		42B4BCCF290D6BE700457D46 /* Assets.xcassets in Resources */ = {isa = PBXBuildFile; fileRef = 42B4BCCE290D6BE700457D46 /* Assets.xcassets */; };
		42B4BCD2290D6BE700457D46 /* Preview Assets.xcassets in Resources */ = {isa = PBXBuildFile; fileRef = 42B4BCD1290D6BE700457D46 /* Preview Assets.xcassets */; };
		42B4BCDC290D6CA100457D46 /* PianoRollEditor in Frameworks */ = {isa = PBXBuildFile; productRef = 42B4BCDB290D6CA100457D46 /* PianoRollEditor */; };
/* End PBXBuildFile section */

/* Begin PBXFileReference section */
		42B4BCC2290D6B9700457D46 /* PianoRollEditor */ = {isa = PBXFileReference; lastKnownFileType = wrapper; name = PianoRollEditor; path = ..; sourceTree = "<group>"; };
		42B4BCC7290D6BE600457D46 /* PianoRollEditorDemo.app */ = {isa = PBXFileReference; explicitFileType = wrapper.application; includeInIndex = 0; path = PianoRollEditorDemo.app; sourceTree = BUILT_PRODUCTS_DIR; };
		42B4BCCA290D6BE600457D46 /* PianoRollEditorDemoApp.swift */ = {isa = PBXFileReference; lastKnownFileType = sourcecode.swift; path = PianoRollEditorDemoApp.swift; sourceTree = "<group>"; };
		42B4BCCC290D6BE600457D46 /* DemoView.swift */ = {isa = PBXFileReference; lastKnownFileType = sourcecode.swift; path = DemoView.swift; sourceTree = "<group>"; };
		42B4BCCE290D6BE700457D46 /* Assets.xcassets */ = {isa = PBXFileReference; lastKnownFileType = folder.assetcatalog; path = Assets.xcassets; sourceTree = "<group>"; };
		42B4BCD1290D6BE700457D46 /* Preview Assets.xcassets */ = {isa = PBXFileReference; lastKnownFileType = folder.assetcatalog; path = "Preview Assets.xcassets"; sourceTree = "<group>"; };
		42C4FB1C29121C220022252C /* Info.plist */ = {isa = PBXFileReference; lastKnownFileType = text.plist; path = Info.plist; sourceTree = "<group>"; };
/* End PBXFileReference section */

/* Begin PBXFrameworksBuildPhase section */
		42B4BCC4290D6BE600457D46 /* Frameworks */ = {
			isa = PBXFrameworksBuildPhase;
			buildActionMask = 2147483647;
			files = (
				42B4BCDC290D6CA100457D46 /* PianoRollEditor in Frameworks */,
			);
			runOnlyForDeploymentPostprocessing = 0;
		};
/* End PBXFrameworksBuildPhase section */

/* Begin PBXGroup section */
		42B4BCBB290D6A9800457D46 = {
			isa = PBXGroup;
			children = (
				42B4BCC2290D6B9700457D46 /* PianoRollEditor */,
				42B4BCC9290D6BE600457D46 /* PianoRollEditorDemo */,
				42B4BCC8290D6BE600457D46 /* Products */,
				42B4BCDA290D6CA100457D46 /* Frameworks */,
			);
			sourceTree = "<group>";
		};
		42B4BCC8290D6BE600457D46 /* Products */ = {
			isa = PBXGroup;
			children = (
				42B4BCC7290D6BE600457D46 /* PianoRollEditorDemo.app */,
			);
			name = Products;
			sourceTree = "<group>";
		};
		42B4BCC9290D6BE600457D46 /* PianoRollEditorDemo */ = {
			isa = PBXGroup;
			children = (
				42C4FB1C29121C220022252C /* Info.plist */,
				42B4BCCA290D6BE600457D46 /* PianoRollEditorDemoApp.swift */,
				42B4BCCC290D6BE600457D46 /* DemoView.swift */,
				42B4BCCE290D6BE700457D46 /* Assets.xcassets */,
				42B4BCD0290D6BE700457D46 /* Preview Content */,
			);
			path = PianoRollEditorDemo;
			sourceTree = "<group>";
		};
		42B4BCD0290D6BE700457D46 /* Preview Content */ = {
			isa = PBXGroup;
			children = (
				42B4BCD1290D6BE700457D46 /* Preview Assets.xcassets */,
			);
			path = "Preview Content";
			sourceTree = "<group>";
		};
		42B4BCDA290D6CA100457D46 /* Frameworks */ = {
			isa = PBXGroup;
			children = (
			);
			name = Frameworks;
			sourceTree = "<group>";
		};
/* End PBXGroup section */

/* Begin PBXNativeTarget section */
		42B4BCC6290D6BE600457D46 /* PianoRollEditorDemo */ = {
			isa = PBXNativeTarget;
			buildConfigurationList = 42B4BCD3290D6BE700457D46 /* Build configuration list for PBXNativeTarget "PianoRollEditorDemo" */;
			buildPhases = (
				42B4BCC3290D6BE600457D46 /* Sources */,
				42B4BCC4290D6BE600457D46 /* Frameworks */,
				42B4BCC5290D6BE600457D46 /* Resources */,
			);
			buildRules = (
			);
			dependencies = (
			);
			name = PianoRollEditorDemo;
			packageProductDependencies = (
				42B4BCDB290D6CA100457D46 /* PianoRollEditor */,
			);
			productName = PianoRollEditorDemo;
			productReference = 42B4BCC7290D6BE600457D46 /* PianoRollEditorDemo.app */;
			productType = "com.apple.product-type.application";
		};
/* End PBXNativeTarget section */

/* Begin PBXProject section */
		42B4BCBC290D6A9800457D46 /* Project object */ = {
			isa = PBXProject;
			attributes = {
				BuildIndependentTargetsInParallel = 1;
				LastSwiftUpdateCheck = 1410;
				LastUpgradeCheck = 1410;
				TargetAttributes = {
					42B4BCC6290D6BE600457D46 = {
						CreatedOnToolsVersion = 14.1;
					};
				};
			};
			buildConfigurationList = 42B4BCBF290D6A9800457D46 /* Build configuration list for PBXProject "PianoRollEditor" */;
			compatibilityVersion = "Xcode 14.0";
			developmentRegion = en;
			hasScannedForEncodings = 0;
			knownRegions = (
				en,
				Base,
			);
			mainGroup = 42B4BCBB290D6A9800457D46;
			productRefGroup = 42B4BCC8290D6BE600457D46 /* Products */;
			projectDirPath = "";
			projectRoot = "";
			targets = (
				42B4BCC6290D6BE600457D46 /* PianoRollEditorDemo */,
			);
		};
/* End PBXProject section */

/* Begin PBXResourcesBuildPhase section */
		42B4BCC5290D6BE600457D46 /* Resources */ = {
			isa = PBXResourcesBuildPhase;
			buildActionMask = 2147483647;
			files = (
				42B4BCD2290D6BE700457D46 /* Preview Assets.xcassets in Resources */,
				42B4BCCF290D6BE700457D46 /* Assets.xcassets in Resources */,
			);
			runOnlyForDeploymentPostprocessing = 0;
		};
/* End PBXResourcesBuildPhase section */

/* Begin PBXSourcesBuildPhase section */
		42B4BCC3290D6BE600457D46 /* Sources */ = {
			isa = PBXSourcesBuildPhase;
			buildActionMask = 2147483647;
			files = (
				42B4BCCD290D6BE600457D46 /* DemoView.swift in Sources */,
				42B4BCCB290D6BE600457D46 /* PianoRollEditorDemoApp.swift in Sources */,
			);
			runOnlyForDeploymentPostprocessing = 0;
		};
/* End PBXSourcesBuildPhase section */

/* Begin XCBuildConfiguration section */
		42B4BCC0290D6A9800457D46 /* Debug */ = {
			isa = XCBuildConfiguration;
			buildSettings = {
			};
			name = Debug;
		};
		42B4BCC1290D6A9800457D46 /* Release */ = {
			isa = XCBuildConfiguration;
			buildSettings = {
			};
			name = Release;
		};
		42B4BCD4290D6BE700457D46 /* Debug */ = {
			isa = XCBuildConfiguration;
			buildSettings = {
				ALWAYS_SEARCH_USER_PATHS = NO;
				ASSETCATALOG_COMPILER_APPICON_NAME = AppIcon;
				ASSETCATALOG_COMPILER_GLOBAL_ACCENT_COLOR_NAME = AccentColor;
				CLANG_ANALYZER_NONNULL = YES;
				CLANG_ANALYZER_NUMBER_OBJECT_CONVERSION = YES_AGGRESSIVE;
				CLANG_CXX_LANGUAGE_STANDARD = "gnu++20";
				CLANG_ENABLE_MODULES = YES;
				CLANG_ENABLE_OBJC_ARC = YES;
				CLANG_ENABLE_OBJC_WEAK = YES;
				CLANG_WARN_BLOCK_CAPTURE_AUTORELEASING = YES;
				CLANG_WARN_BOOL_CONVERSION = YES;
				CLANG_WARN_COMMA = YES;
				CLANG_WARN_CONSTANT_CONVERSION = YES;
				CLANG_WARN_DEPRECATED_OBJC_IMPLEMENTATIONS = YES;
				CLANG_WARN_DIRECT_OBJC_ISA_USAGE = YES_ERROR;
				CLANG_WARN_DOCUMENTATION_COMMENTS = YES;
				CLANG_WARN_EMPTY_BODY = YES;
				CLANG_WARN_ENUM_CONVERSION = YES;
				CLANG_WARN_INFINITE_RECURSION = YES;
				CLANG_WARN_INT_CONVERSION = YES;
				CLANG_WARN_NON_LITERAL_NULL_CONVERSION = YES;
				CLANG_WARN_OBJC_IMPLICIT_RETAIN_SELF = YES;
				CLANG_WARN_OBJC_LITERAL_CONVERSION = YES;
				CLANG_WARN_OBJC_ROOT_CLASS = YES_ERROR;
				CLANG_WARN_QUOTED_INCLUDE_IN_FRAMEWORK_HEADER = YES;
				CLANG_WARN_RANGE_LOOP_ANALYSIS = YES;
				CLANG_WARN_STRICT_PROTOTYPES = YES;
				CLANG_WARN_SUSPICIOUS_MOVE = YES;
				CLANG_WARN_UNGUARDED_AVAILABILITY = YES_AGGRESSIVE;
				CLANG_WARN_UNREACHABLE_CODE = YES;
				CLANG_WARN__DUPLICATE_METHOD_MATCH = YES;
				CODE_SIGN_STYLE = Automatic;
				COPY_PHASE_STRIP = NO;
				CURRENT_PROJECT_VERSION = 1;
				DEBUG_INFORMATION_FORMAT = dwarf;
				DEVELOPMENT_ASSET_PATHS = "\"PianoRollEditorDemo/Preview Content\"";
				DEVELOPMENT_TEAM = 5R48U23HP6;
				ENABLE_PREVIEWS = YES;
				ENABLE_STRICT_OBJC_MSGSEND = YES;
				ENABLE_TESTABILITY = YES;
				GCC_C_LANGUAGE_STANDARD = gnu11;
				GCC_DYNAMIC_NO_PIC = NO;
				GCC_NO_COMMON_BLOCKS = YES;
				GCC_OPTIMIZATION_LEVEL = 0;
				GCC_PREPROCESSOR_DEFINITIONS = (
					"DEBUG=1",
					"$(inherited)",
				);
				GCC_WARN_64_TO_32_BIT_CONVERSION = YES;
				GCC_WARN_ABOUT_RETURN_TYPE = YES_ERROR;
				GCC_WARN_UNDECLARED_SELECTOR = YES;
				GCC_WARN_UNINITIALIZED_AUTOS = YES_AGGRESSIVE;
				GCC_WARN_UNUSED_FUNCTION = YES;
				GCC_WARN_UNUSED_VARIABLE = YES;
				GENERATE_INFOPLIST_FILE = YES;
				INFOPLIST_FILE = PianoRollEditorDemo/Info.plist;
				INFOPLIST_KEY_UIApplicationSceneManifest_Generation = YES;
				INFOPLIST_KEY_UIApplicationSupportsIndirectInputEvents = YES;
				INFOPLIST_KEY_UILaunchScreen_Generation = YES;
				INFOPLIST_KEY_UISupportedInterfaceOrientations_iPad = "UIInterfaceOrientationPortrait UIInterfaceOrientationPortraitUpsideDown UIInterfaceOrientationLandscapeLeft UIInterfaceOrientationLandscapeRight";
				INFOPLIST_KEY_UISupportedInterfaceOrientations_iPhone = "UIInterfaceOrientationPortrait UIInterfaceOrientationLandscapeLeft UIInterfaceOrientationLandscapeRight";
				IPHONEOS_DEPLOYMENT_TARGET = 16.0;
				LD_RUNPATH_SEARCH_PATHS = (
					"$(inherited)",
					"@executable_path/Frameworks",
				);
				MARKETING_VERSION = 1.0;
				MTL_ENABLE_DEBUG_INFO = INCLUDE_SOURCE;
				MTL_FAST_MATH = YES;
				ONLY_ACTIVE_ARCH = YES;
				PRODUCT_BUNDLE_IDENTIFIER = com.josephktcheung.PianoRollEditorDemo;
				PRODUCT_NAME = "$(TARGET_NAME)";
				SDKROOT = iphoneos;
				SWIFT_ACTIVE_COMPILATION_CONDITIONS = DEBUG;
				SWIFT_EMIT_LOC_STRINGS = YES;
				SWIFT_OPTIMIZATION_LEVEL = "-Onone";
				SWIFT_VERSION = 5.0;
				TARGETED_DEVICE_FAMILY = "1,2";
			};
			name = Debug;
		};
		42B4BCD5290D6BE700457D46 /* Release */ = {
			isa = XCBuildConfiguration;
			buildSettings = {
				ALWAYS_SEARCH_USER_PATHS = NO;
				ASSETCATALOG_COMPILER_APPICON_NAME = AppIcon;
				ASSETCATALOG_COMPILER_GLOBAL_ACCENT_COLOR_NAME = AccentColor;
				CLANG_ANALYZER_NONNULL = YES;
				CLANG_ANALYZER_NUMBER_OBJECT_CONVERSION = YES_AGGRESSIVE;
				CLANG_CXX_LANGUAGE_STANDARD = "gnu++20";
				CLANG_ENABLE_MODULES = YES;
				CLANG_ENABLE_OBJC_ARC = YES;
				CLANG_ENABLE_OBJC_WEAK = YES;
				CLANG_WARN_BLOCK_CAPTURE_AUTORELEASING = YES;
				CLANG_WARN_BOOL_CONVERSION = YES;
				CLANG_WARN_COMMA = YES;
				CLANG_WARN_CONSTANT_CONVERSION = YES;
				CLANG_WARN_DEPRECATED_OBJC_IMPLEMENTATIONS = YES;
				CLANG_WARN_DIRECT_OBJC_ISA_USAGE = YES_ERROR;
				CLANG_WARN_DOCUMENTATION_COMMENTS = YES;
				CLANG_WARN_EMPTY_BODY = YES;
				CLANG_WARN_ENUM_CONVERSION = YES;
				CLANG_WARN_INFINITE_RECURSION = YES;
				CLANG_WARN_INT_CONVERSION = YES;
				CLANG_WARN_NON_LITERAL_NULL_CONVERSION = YES;
				CLANG_WARN_OBJC_IMPLICIT_RETAIN_SELF = YES;
				CLANG_WARN_OBJC_LITERAL_CONVERSION = YES;
				CLANG_WARN_OBJC_ROOT_CLASS = YES_ERROR;
				CLANG_WARN_QUOTED_INCLUDE_IN_FRAMEWORK_HEADER = YES;
				CLANG_WARN_RANGE_LOOP_ANALYSIS = YES;
				CLANG_WARN_STRICT_PROTOTYPES = YES;
				CLANG_WARN_SUSPICIOUS_MOVE = YES;
				CLANG_WARN_UNGUARDED_AVAILABILITY = YES_AGGRESSIVE;
				CLANG_WARN_UNREACHABLE_CODE = YES;
				CLANG_WARN__DUPLICATE_METHOD_MATCH = YES;
				CODE_SIGN_STYLE = Automatic;
				COPY_PHASE_STRIP = NO;
				CURRENT_PROJECT_VERSION = 1;
				DEBUG_INFORMATION_FORMAT = "dwarf-with-dsym";
				DEVELOPMENT_ASSET_PATHS = "\"PianoRollEditorDemo/Preview Content\"";
				DEVELOPMENT_TEAM = 5R48U23HP6;
				ENABLE_NS_ASSERTIONS = NO;
				ENABLE_PREVIEWS = YES;
				ENABLE_STRICT_OBJC_MSGSEND = YES;
				GCC_C_LANGUAGE_STANDARD = gnu11;
				GCC_NO_COMMON_BLOCKS = YES;
				GCC_WARN_64_TO_32_BIT_CONVERSION = YES;
				GCC_WARN_ABOUT_RETURN_TYPE = YES_ERROR;
				GCC_WARN_UNDECLARED_SELECTOR = YES;
				GCC_WARN_UNINITIALIZED_AUTOS = YES_AGGRESSIVE;
				GCC_WARN_UNUSED_FUNCTION = YES;
				GCC_WARN_UNUSED_VARIABLE = YES;
				GENERATE_INFOPLIST_FILE = YES;
				INFOPLIST_FILE = PianoRollEditorDemo/Info.plist;
				INFOPLIST_KEY_UIApplicationSceneManifest_Generation = YES;
				INFOPLIST_KEY_UIApplicationSupportsIndirectInputEvents = YES;
				INFOPLIST_KEY_UILaunchScreen_Generation = YES;
				INFOPLIST_KEY_UISupportedInterfaceOrientations_iPad = "UIInterfaceOrientationPortrait UIInterfaceOrientationPortraitUpsideDown UIInterfaceOrientationLandscapeLeft UIInterfaceOrientationLandscapeRight";
				INFOPLIST_KEY_UISupportedInterfaceOrientations_iPhone = "UIInterfaceOrientationPortrait UIInterfaceOrientationLandscapeLeft UIInterfaceOrientationLandscapeRight";
				IPHONEOS_DEPLOYMENT_TARGET = 16.0;
				LD_RUNPATH_SEARCH_PATHS = (
					"$(inherited)",
					"@executable_path/Frameworks",
				);
				MARKETING_VERSION = 1.0;
				MTL_ENABLE_DEBUG_INFO = NO;
				MTL_FAST_MATH = YES;
				PRODUCT_BUNDLE_IDENTIFIER = com.josephktcheung.PianoRollEditorDemo;
				PRODUCT_NAME = "$(TARGET_NAME)";
				SDKROOT = iphoneos;
				SWIFT_COMPILATION_MODE = wholemodule;
				SWIFT_EMIT_LOC_STRINGS = YES;
				SWIFT_OPTIMIZATION_LEVEL = "-O";
				SWIFT_VERSION = 5.0;
				TARGETED_DEVICE_FAMILY = "1,2";
				VALIDATE_PRODUCT = YES;
			};
			name = Release;
		};
/* End XCBuildConfiguration section */

/* Begin XCConfigurationList section */
		42B4BCBF290D6A9800457D46 /* Build configuration list for PBXProject "PianoRollEditor" */ = {
			isa = XCConfigurationList;
			buildConfigurations = (
				42B4BCC0290D6A9800457D46 /* Debug */,
				42B4BCC1290D6A9800457D46 /* Release */,
			);
			defaultConfigurationIsVisible = 0;
			defaultConfigurationName = Release;
		};
		42B4BCD3290D6BE700457D46 /* Build configuration list for PBXNativeTarget "PianoRollEditorDemo" */ = {
			isa = XCConfigurationList;
			buildConfigurations = (
				42B4BCD4290D6BE700457D46 /* Debug */,
				42B4BCD5290D6BE700457D46 /* Release */,
			);
			defaultConfigurationIsVisible = 0;
			defaultConfigurationName = Release;
		};
/* End XCConfigurationList section */

/* Begin XCSwiftPackageProductDependency section */
		42B4BCDB290D6CA100457D46 /* PianoRollEditor */ = {
			isa = XCSwiftPackageProductDependency;
			productName = PianoRollEditor;
		};
/* End XCSwiftPackageProductDependency section */
	};
	rootObject = 42B4BCBC290D6A9800457D46 /* Project object */;
}
